<Solution>
  <Project Path="PasswordBreaker.Server/PasswordBreaker.Server.csproj" />
  <Project Path="PasswordBreaker.Shared/PasswordBreaker.Shared.csproj" />
  <Project Path="PasswordBreaker.Tests/PasswordBreaker.Tests.csproj" />
  <Project Path="PasswordBreaker.Worker/PasswordBreaker.Worker.csproj" />
</Solution>
